
Microsoft Visual Studio Solution File, Format Version 12.00
# Visual Studio Version 16
VisualStudioVersion = 16.0.30503.244
MinimumVisualStudioVersion = 10.0.40219.1
Project("{FAE04EC0-301F-11D3-BF4B-00C04F79EFBC}") = "catfile", "catfile.csproj", "{4F2F1908-E1D3-4CF3-B190-6795F611FA61}"
EndProject
Global
	GlobalSection(SolutionConfigurationPlatforms) = preSolution
		Debug|Any CPU = Debug|Any CPU
		Release|Any CPU = Release|Any CPU
	EndGlobalSection
	GlobalSection(ProjectConfigurationPlatforms) = postSolution
		{4F2F1908-E1D3-4CF3-B190-6795F611FA61}.Debug|Any CPU.ActiveCfg = Debug|Any CPU
		{4F2F1908-E1D3-4CF3-B190-6795F611FA61}.Debug|Any CPU.Build.0 = Debug|Any CPU
		{4F2F1908-E1D3-4CF3-B190-6795F611FA61}.Release|Any CPU.ActiveCfg = Release|Any CPU
		{4F2F1908-E1D3-4CF3-B190-6795F611FA61}.Release|Any CPU.Build.0 = Release|Any CPU
	EndGlobalSection
	GlobalSection(SolutionProperties) = preSolution
		HideSolutionNode = FALSE
	EndGlobalSection
	GlobalSection(ExtensibilityGlobals) = postSolution
		SolutionGuid = {8B6BE52F-A6EB-4184-87A0-2A75810CC9A3}
	EndGlobalSection
EndGlobal
